<?xml version="1.0" encoding="utf-8"?>
<Project ToolsVersion="4.0" xmlns="http://schemas.microsoft.com/developer/msbuild/2003">
  <ItemGroup>
    <Filter Include="Source Files">
      <UniqueIdentifier>{4FC737F1-C7A5-4376-A066-2A32D752A2FF}</UniqueIdentifier>
      <Extensions>cpp;c;cc;cxx;c++;cppm;ixx;def;odl;idl;hpj;bat;asm;asmx</Extensions>
    </Filter>
    <Filter Include="Header Files">
      <UniqueIdentifier>{93995380-89BD-4b04-88EB-625FBE52EBFB}</UniqueIdentifier>
      <Extensions>h;hh;hpp;hxx;h++;hm;inl;inc;ipp;xsd</Extensions>
    </Filter>
    <Filter Include="Resource Files">
      <UniqueIdentifier>{67DA6AB6-F800-4c08-8B7A-83BB121AAD01}</UniqueIdentifier>
      <Extensions>rc;ico;cur;bmp;dlg;rc2;rct;bin;rgs;gif;jpg;jpeg;jpe;resx;tiff;tif;png;wav;mfcribbon-ms</Extensions>
    </Filter>
    <Filter Include="lib">
      <UniqueIdentifier>{89c60a57-d891-48d3-825e-7c9101f38ff5}</UniqueIdentifier>
    </Filter>
    <Filter Include="Header Files\Database">
      <UniqueIdentifier>{11f85b9d-bad7-44c8-980b-2460b5490150}</UniqueIdentifier>
    </Filter>
    <Filter Include="Header Files\Global">
      <UniqueIdentifier>{71ab9666-024a-4c0e-95b3-e1a5873887d7}</UniqueIdentifier>
    </Filter>
    <Filter Include="Source Files\Database">
      <UniqueIdentifier>{6335fe2a-8e93-427f-88ec-e5ed5ad337b6}</UniqueIdentifier>
    </Filter>
    <Filter Include="Source Files\Global">
      <UniqueIdentifier>{ef55384d-970e-49bb-8de0-4f13d1b10079}</UniqueIdentifier>
    </Filter>
    <Filter Include="Header Files\Audio">
      <UniqueIdentifier>{8a6c5d25-7332-407c-b7d3-48e74596fede}</UniqueIdentifier>
    </Filter>
    <Filter Include="Source Files\Ui">
      <UniqueIdentifier>{52604aef-6b6d-4828-9cd5-2a116ca9351a}</UniqueIdentifier>
    </Filter>
    <Filter Include="Source Files\Player">
      <UniqueIdentifier>{128a2c11-9f4a-4db8-8324-ca928335e5fe}</UniqueIdentifier>
    </Filter>
    <Filter Include="Header Files\Ui">
      <UniqueIdentifier>{adcf6068-f4ca-411b-8dce-eea73b0e5745}</UniqueIdentifier>
    </Filter>
    <Filter Include="Header Files\Player">
      <UniqueIdentifier>{8491fcfd-83bc-49f5-8428-5b26858756b5}</UniqueIdentifier>
    </Filter>
    <Filter Include="Header Files\Types">
      <UniqueIdentifier>{639ffb71-cded-44e6-a898-2734e701d660}</UniqueIdentifier>
    </Filter>
    <Filter Include="Source Files\Ui\Tabs">
      <UniqueIdentifier>{c33359c9-3132-45da-88a2-cf5db899923f}</UniqueIdentifier>
    </Filter>
  </ItemGroup>
  <ItemGroup>
    <ClCompile Include="Main.cpp">
      <Filter>Source Files</Filter>
    </ClCompile>
    <ClCompile Include="Database.cpp">
      <Filter>Source Files\Database</Filter>
    </ClCompile>
    <ClCompile Include="global.cpp">
      <Filter>Source Files\Global</Filter>
    </ClCompile>
    <ClCompile Include="sqlite3.c">
      <Filter>Source Files\Database</Filter>
    </ClCompile>
    <ClCompile Include="Ui.cpp">
      <Filter>Source Files\Ui</Filter>
    </ClCompile>
    <ClCompile Include="Player.cpp">
      <Filter>Source Files\Player</Filter>
    </ClCompile>
    <ClCompile Include="customUi.cpp">
      <Filter>Source Files\Ui</Filter>
    </ClCompile>
    <ClCompile Include="PopUp.cpp">
      <Filter>Source Files\Ui</Filter>
    </ClCompile>
    <ClCompile Include="DurationTrackBar.cpp">
      <Filter>Source Files\Ui</Filter>
    </ClCompile>
    <ClCompile Include="ListSong.cpp">
      <Filter>Source Files\Ui</Filter>
    </ClCompile>
    <ClCompile Include="Button.cpp">
      <Filter>Source Files\Ui</Filter>
    </ClCompile>
    <ClCompile Include="Button_Type.h">
      <Filter>Header Files\Types</Filter>
    </ClCompile>
    <ClCompile Include="DurationTrackBar_Type.h">
      <Filter>Header Files\Types</Filter>
    </ClCompile>
    <ClCompile Include="ListSongs_Type.h">
      <Filter>Header Files\Types</Filter>
    </ClCompile>
    <ClCompile Include="db_schema.cpp">
      <Filter>Source Files\Database</Filter>
    </ClCompile>
    <ClCompile Include="Home.cpp">
      <Filter>Source Files\Ui\Tabs</Filter>
    </ClCompile>
    <ClCompile Include="Tab.cpp">
      <Filter>Source Files\Ui\Tabs</Filter>
    </ClCompile>
    <ClCompile Include="SongDetail.cpp">
      <Filter>Source Files\Ui\Tabs</Filter>
    </ClCompile>
    <ClCompile Include="SongsDB.cpp">
      <Filter>Source Files\Database</Filter>
    </ClCompile>
    <ClCompile Include="PlayListDB.cpp">
      <Filter>Source Files\Database</Filter>
    </ClCompile>
    <ClCompile Include="PlayListSongs.cpp">
      <Filter>Source Files\Ui\Tabs</Filter>
    </ClCompile>
    <ClCompile Include="SoundWave.cpp">
      <Filter>Source Files\Player</Filter>
    </ClCompile>
    <ClCompile Include="Queue_Player.cpp">
      <Filter>Source Files\Player</Filter>
    </ClCompile>
    <ClCompile Include="PlayList.cpp">
      <Filter>Source Files\Ui</Filter>
    </ClCompile>
  </ItemGroup>
  <ItemGroup>
    <ClInclude Include="Database.h">
      <Filter>Header Files\Database</Filter>
    </ClInclude>
    <ClInclude Include="global.h">
      <Filter>Header Files\Global</Filter>
    </ClInclude>
    <ClInclude Include="..\bass\c\bass.h">
      <Filter>Header Files\Audio</Filter>
    </ClInclude>
    <ClInclude Include="..\bassFlac\c\bassflac.h">
      <Filter>Header Files\Audio</Filter>
    </ClInclude>
    <ClInclude Include="miniaudio.h">
      <Filter>Header Files\Audio</Filter>
    </ClInclude>
    <ClInclude Include="..\..\sqlite-amalgamation-3510000\sqlite3.h">
      <Filter>Header Files\Database</Filter>
    </ClInclude>
    <ClInclude Include="customUi.h">
      <Filter>Header Files\Ui</Filter>
    </ClInclude>
    <ClInclude Include="Ui.h">
      <Filter>Header Files\Ui</Filter>
    </ClInclude>
    <ClInclude Include="Player.h">
      <Filter>Header Files\Player</Filter>
    </ClInclude>
    <ClInclude Include="ListSongs.h">
      <Filter>Header Files\Ui</Filter>
    </ClInclude>
    <ClInclude Include="DurationTrackBar.h">
      <Filter>Header Files\Ui</Filter>
    </ClInclude>
    <ClInclude Include="Button.h">
      <Filter>Header Files\Ui</Filter>
    </ClInclude>
    <ClInclude Include="PopUp.h">
      <Filter>Header Files\Ui</Filter>
    </ClInclude>
    <ClInclude Include="Tab_Type.h">
      <Filter>Header Files\Types</Filter>
    </ClInclude>
    <ClInclude Include="Tab.h">
      <Filter>Header Files\Ui</Filter>
    </ClInclude>
    <ClInclude Include="PopUp_Type.h">
      <Filter>Header Files\Types</Filter>
    </ClInclude>
    <ClInclude Include="resource.h">
      <Filter>Header Files</Filter>
    </ClInclude>
  </ItemGroup>
  <ItemGroup>
    <Library Include="..\bass\c\bass.lib">
      <Filter>lib</Filter>
    </Library>
    <Library Include="..\bassFlac\c\bassflac.lib">
      <Filter>lib</Filter>
    </Library>
  </ItemGroup>
  <ItemGroup>
    <ResourceCompile Include="MusicS.rc">
      <Filter>Resource Files</Filter>
    </ResourceCompile>
  </ItemGroup>
  <ItemGroup>
    <Image Include="C:\Users\hvsom\Downloads\favicon.ico">
      <Filter>Resource Files</Filter>
    </Image>
  </ItemGroup>
</Project>